
Microsoft Visual Studio Solution File, Format Version 12.00
# Visual Studio Version 17
VisualStudioVersion = 17.11.35219.272
MinimumVisualStudioVersion = 10.0.40219.1
Project("{FAE04EC0-301F-11D3-BF4B-00C04F79EFBC}") = "PacManCodeDepartEtudiantPFI_2025", "PacManCodeDepartEtudiantPFI_2025\PacManCodeDepartEtudiantPFI_2025.csproj", "{10D25291-8AB1-4897-989A-E5DF874875AA}"
EndProject
Global
	GlobalSection(SolutionConfigurationPlatforms) = preSolution
		Debug|Any CPU = Debug|Any CPU
		Release|Any CPU = Release|Any CPU
	EndGlobalSection
	GlobalSection(ProjectConfigurationPlatforms) = postSolution
		{10D25291-8AB1-4897-989A-E5DF874875AA}.Debug|Any CPU.ActiveCfg = Debug|Any CPU
		{10D25291-8AB1-4897-989A-E5DF874875AA}.Debug|Any CPU.Build.0 = Debug|Any CPU
		{10D25291-8AB1-4897-989A-E5DF874875AA}.Release|Any CPU.ActiveCfg = Release|Any CPU
		{10D25291-8AB1-4897-989A-E5DF874875AA}.Release|Any CPU.Build.0 = Release|Any CPU
	EndGlobalSection
	GlobalSection(SolutionProperties) = preSolution
		HideSolutionNode = FALSE
	EndGlobalSection
	GlobalSection(ExtensibilityGlobals) = postSolution
		SolutionGuid = {87687353-BC86-4AA4-A9D8-0FA9F8AA9AB8}
	EndGlobalSection
EndGlobal
